{
  "version": "5",
  "specifiers": {
    "jsr:@nobody/styled-components-deno@~0.10.8": "0.10.8",
    "jsr:@nobody/tananoni@~0.6.0-beta1": "0.6.0-beta1",
    "jsr:@std/assert@^1.0.14": "1.0.15",
    "jsr:@std/async@^1.0.14": "1.0.15",
    "jsr:@std/cli@^1.0.23": "1.0.23",
    "jsr:@std/encoding@^1.0.10": "1.0.10",
    "jsr:@std/fmt@^1.0.8": "1.0.8",
    "jsr:@std/fs@^1.0.19": "1.0.19",
    "jsr:@std/html@^1.0.5": "1.0.5",
    "jsr:@std/http@^1.0.21": "1.0.21",
    "jsr:@std/internal@^1.0.10": "1.0.12",
    "jsr:@std/internal@^1.0.12": "1.0.12",
    "jsr:@std/internal@^1.0.9": "1.0.12",
    "jsr:@std/media-types@^1.1.0": "1.1.0",
    "jsr:@std/net@^1.0.6": "1.0.6",
    "jsr:@std/path@^1.1.1": "1.1.2",
    "jsr:@std/path@^1.1.2": "1.1.2",
    "jsr:@std/streams@^1.0.13": "1.0.13",
    "npm:@preact/signals@^2.4.0": "2.4.0_preact@10.27.2",
    "npm:highlightjs@^9.16.2": "9.16.2",
    "npm:markdown-it@^14.1.0": "14.1.0",
    "npm:preact@^10.25.4": "10.27.2",
    "npm:preact@^10.27.2": "10.27.2",
    "npm:react@^19.2.0": "19.2.0"
  },
  "jsr": {
    "@nobody/styled-components-deno@0.10.8": {
      "integrity": "4226ed9e3ae185cb55c9349d4019a9542897b3e0c335ad890e91af78f37e2d42",
      "dependencies": [
        "npm:preact@^10.25.4"
      ]
    },
    "@nobody/tananoni@0.6.0-beta1": {
      "integrity": "34b9ea3fdd7f9c6c10992c0ed990fc3353a384bcf4e27b244d615dcffe8e9b14",
      "dependencies": [
        "jsr:@std/assert",
        "jsr:@std/async",
        "jsr:@std/fs",
        "jsr:@std/path@^1.1.2"
      ]
    },
    "@std/assert@1.0.15": {
      "integrity": "d64018e951dbdfab9777335ecdb000c0b4e3df036984083be219ce5941e4703b",
      "dependencies": [
        "jsr:@std/internal@^1.0.12"
      ]
    },
    "@std/async@1.0.15": {
      "integrity": "55d1d9d04f99403fe5730ab16bdcc3c47f658a6bf054cafb38a50f046238116e"
    },
    "@std/cli@1.0.23": {
      "integrity": "bf95b7a9425ba2af1ae5a6359daf58c508f2decf711a76ed2993cd352498ccca",
      "dependencies": [
        "jsr:@std/internal@^1.0.12"
      ]
    },
    "@std/encoding@1.0.5": {
      "integrity": "ecf363d4fc25bd85bd915ff6733a7e79b67e0e7806334af15f4645c569fefc04"
    },
    "@std/encoding@1.0.10": {
      "integrity": "8783c6384a2d13abd5e9e87a7ae0520a30e9f56aeeaa3bdf910a3eaaf5c811a1"
    },
    "@std/fmt@1.0.8": {
      "integrity": "71e1fc498787e4434d213647a6e43e794af4fd393ef8f52062246e06f7e372b7"
    },
    "@std/fs@1.0.19": {
      "integrity": "051968c2b1eae4d2ea9f79a08a3845740ef6af10356aff43d3e2ef11ed09fb06",
      "dependencies": [
        "jsr:@std/internal@^1.0.9",
        "jsr:@std/path@^1.1.1"
      ]
    },
    "@std/html@1.0.5": {
      "integrity": "4e2d693f474cae8c16a920fa5e15a3b72267b94b84667f11a50c6dd1cb18d35e"
    },
    "@std/http@1.0.21": {
      "integrity": "abb5c747651ee6e3ea6139858fd9b1810d2c97f53a5e6722f3b6d27a6d263edc",
      "dependencies": [
        "jsr:@std/cli",
        "jsr:@std/encoding",
        "jsr:@std/fmt",
        "jsr:@std/fs",
        "jsr:@std/html",
        "jsr:@std/media-types",
        "jsr:@std/net",
        "jsr:@std/path@^1.1.2",
        "jsr:@std/streams"
      ]
    },
    "@std/internal@1.0.12": {
      "integrity": "972a634fd5bc34b242024402972cd5143eac68d8dffaca5eaa4dba30ce17b027"
    },
    "@std/media-types@1.1.0": {
      "integrity": "c9d093f0c05c3512932b330e3cc1fe1d627b301db33a4c2c2185c02471d6eaa4"
    },
    "@std/net@1.0.6": {
      "integrity": "110735f93e95bb9feb95790a8b1d1bf69ec0dc74f3f97a00a76ea5efea25500c"
    },
    "@std/path@1.1.2": {
      "integrity": "c0b13b97dfe06546d5e16bf3966b1cadf92e1cc83e56ba5476ad8b498d9e3038",
      "dependencies": [
        "jsr:@std/internal@^1.0.10"
      ]
    },
    "@std/streams@1.0.13": {
      "integrity": "772d208cd0d3e5dac7c1d9e6cdb25842846d136eea4a41a62e44ed4ab0c8dd9e"
    }
  },
  "npm": {
    "@preact/signals-core@1.12.1": {
      "integrity": "sha512-BwbTXpj+9QutoZLQvbttRg5x3l5468qaV2kufh+51yha1c53ep5dY4kTuZR35+3pAZxpfQerGJiQqg34ZNZ6uA=="
    },
    "@preact/signals@2.4.0_preact@10.27.2": {
      "integrity": "sha512-kVEih9Ty55O+6OKJ85beQJ0gaV++Xci2N2kaQc3LjSUtHKQqB47oMaW6OfwHwzWLRbYsms/326s2ITGiHL7paw==",
      "dependencies": [
        "@preact/signals-core",
        "preact"
      ]
    },
    "argparse@2.0.1": {
      "integrity": "sha512-8+9WqebbFzpX9OR+Wa6O29asIogeRMzcGtAINdpMHHyAg10f05aSFVBbcEqGf/PXw1EjAZ+q2/bEBg3DvurK3Q=="
    },
    "entities@4.5.0": {
      "integrity": "sha512-V0hjH4dGPh9Ao5p0MoRY6BVqtwCjhz6vI5LT8AJ55H+4g9/4vbHx1I54fS0XuclLhDHArPQCiMjDxjaL8fPxhw=="
    },
    "highlightjs@9.16.2": {
      "integrity": "sha512-FK1vmMj8BbEipEy8DLIvp71t5UsC7n2D6En/UfM/91PCwmOpj6f2iu0Y0coRC62KSRHHC+dquM2xMULV/X7NFg==",
      "deprecated": true
    },
    "linkify-it@5.0.0": {
      "integrity": "sha512-5aHCbzQRADcdP+ATqnDuhhJ/MRIqDkZX5pyjFHRRysS8vZ5AbqGEoFIb6pYHPZ+L/OC2Lc+xT8uHVVR5CAK/wQ==",
      "dependencies": [
        "uc.micro"
      ]
    },
    "markdown-it@14.1.0": {
      "integrity": "sha512-a54IwgWPaeBCAAsv13YgmALOF1elABB08FxO9i+r4VFk5Vl4pKokRPeX8u5TCgSsPi6ec1otfLjdOpVcgbpshg==",
      "dependencies": [
        "argparse",
        "entities",
        "linkify-it",
        "mdurl",
        "punycode.js",
        "uc.micro"
      ],
      "bin": true
    },
    "mdurl@2.0.0": {
      "integrity": "sha512-Lf+9+2r+Tdp5wXDXC4PcIBjTDtq4UKjCPMQhKIuzpJNW0b96kVqSwW0bT7FhRSfmAiFYgP+SCRvdrDozfh0U5w=="
    },
    "preact@10.27.2": {
      "integrity": "sha512-5SYSgFKSyhCbk6SrXyMpqjb5+MQBgfvEKE/OC+PujcY34sOpqtr+0AZQtPYx5IA6VxynQ7rUPCtKzyovpj9Bpg=="
    },
    "punycode.js@2.3.1": {
      "integrity": "sha512-uxFIHU0YlHYhDQtV4R9J6a52SLx28BCjT+4ieh7IGbgwVJWO+km431c4yRlREUAsAmt/uMjQUyQHNEPf0M39CA=="
    },
    "react@19.2.0": {
      "integrity": "sha512-tmbWg6W31tQLeB5cdIBOicJDJRR2KzXsV7uSK9iNfLWQ5bIZfxuPEHp7M8wiHyHnn0DD1i7w3Zmin0FtkrwoCQ=="
    },
    "uc.micro@2.1.0": {
      "integrity": "sha512-ARDJmphmdvUk6Glw7y9DQ2bFkKBHwQHLi2lsaH6PPmz/Ka9sFOBsBluozhDltWmnv9u/cF6Rt87znRTPV+yp/A=="
    }
  },
  "workspace": {
    "dependencies": [
      "jsr:@nobody/styled-components-deno@~0.10.8",
      "jsr:@nobody/tananoni@~0.6.0-beta1",
      "jsr:@std/cli@^1.0.23",
      "jsr:@std/http@^1.0.21",
      "npm:@preact/signals@^2.4.0",
      "npm:highlightjs@^9.16.2",
      "npm:markdown-it@^14.1.0",
      "npm:preact@^10.27.2",
      "npm:react@^19.2.0"
    ]
  }
}
